lockfileVersion: '9.0'

settings:
  autoInstallPeers: true
  excludeLinksFromLockfile: false

importers:

  .:
    devDependencies:
      '@sveltejs/adapter-auto':
        specifier: ^3.0.0
        version: 3.3.1(@sveltejs/kit@2.7.3(@sveltejs/vite-plugin-svelte@4.0.0(svelte@5.1.6)(vite@5.4.10))(svelte@5.1.6)(vite@5.4.10))
      '@sveltejs/adapter-netlify':
        specifier: ^4.3.6
        version: 4.3.6(@sveltejs/kit@2.7.3(@sveltejs/vite-plugin-svelte@4.0.0(svelte@5.1.6)(vite@5.4.10))(svelte@5.1.6)(vite@5.4.10))
      '@sveltejs/kit':
        specifier: ^2.0.0
        version: 2.7.3(@sveltejs/vite-plugin-svelte@4.0.0(svelte@5.1.6)(vite@5.4.10))(svelte@5.1.6)(vite@5.4.10)
      '@sveltejs/vite-plugin-svelte':
        specifier: ^4.0.0
        version: 4.0.0(svelte@5.1.6)(vite@5.4.10)
      svelte:
        specifier: ^5.0.0
        version: 5.1.6
      svelte-check:
        specifier: ^4.0.0
        version: 4.0.5(svelte@5.1.6)(typescript@5.6.3)
      typescript:
        specifier: ^5.0.0
        version: 5.6.3
      vite:
        specifier: ^5.0.3
        version: 5.4.10

packages:

  '@ampproject/remapping@2.3.0':
    resolution: {integrity: sha512-30iZtAPgz+LTIYoeivqYo853f02jBYSd5uGnGpkFV0M3xOt9aN73erkgYAmZU43x4VfqcnLxW9Kpg3R5LC4YYw==}
    engines: {node: '>=6.0.0'}

  '@esbuild/aix-ppc64@0.21.5':
    resolution: {integrity: sha512-1SDgH6ZSPTlggy1yI6+Dbkiz8xzpHJEVAlF/AM1tHPLsf5STom9rwtjE4hKAF20FfXXNTFqEYXyJNWh1GiZedQ==}
    engines: {node: '>=12'}
    cpu: [ppc64]
    os: [aix]

  '@esbuild/android-arm64@0.21.5':
    resolution: {integrity: sha512-c0uX9VAUBQ7dTDCjq+wdyGLowMdtR/GoC2U5IYk/7D1H1JYC0qseD7+11iMP2mRLN9RcCMRcjC4YMclCzGwS/A==}
    engines: {node: '>=12'}
    cpu: [arm64]
    os: [android]

  '@esbuild/android-arm@0.21.5':
    resolution: {integrity: sha512-vCPvzSjpPHEi1siZdlvAlsPxXl7WbOVUBBAowWug4rJHb68Ox8KualB+1ocNvT5fjv6wpkX6o/iEpbDrf68zcg==}
    engines: {node: '>=12'}
    cpu: [arm]
    os: [android]

  '@esbuild/android-x64@0.21.5':
    resolution: {integrity: sha512-D7aPRUUNHRBwHxzxRvp856rjUHRFW1SdQATKXH2hqA0kAZb1hKmi02OpYRacl0TxIGz/ZmXWlbZgjwWYaCakTA==}
    engines: {node: '>=12'}
    cpu: [x64]
    os: [android]

  '@esbuild/darwin-arm64@0.21.5':
    resolution: {integrity: sha512-DwqXqZyuk5AiWWf3UfLiRDJ5EDd49zg6O9wclZ7kUMv2WRFr4HKjXp/5t8JZ11QbQfUS6/cRCKGwYhtNAY88kQ==}
    engines: {node: '>=12'}
    cpu: [arm64]
    os: [darwin]

  '@esbuild/darwin-x64@0.21.5':
    resolution: {integrity: sha512-se/JjF8NlmKVG4kNIuyWMV/22ZaerB+qaSi5MdrXtd6R08kvs2qCN4C09miupktDitvh8jRFflwGFBQcxZRjbw==}
    engines: {node: '>=12'}
    cpu: [x64]
    os: [darwin]

  '@esbuild/freebsd-arm64@0.21.5':
    resolution: {integrity: sha512-5JcRxxRDUJLX8JXp/wcBCy3pENnCgBR9bN6JsY4OmhfUtIHe3ZW0mawA7+RDAcMLrMIZaf03NlQiX9DGyB8h4g==}
    engines: {node: '>=12'}
    cpu: [arm64]
    os: [freebsd]

  '@esbuild/freebsd-x64@0.21.5':
    resolution: {integrity: sha512-J95kNBj1zkbMXtHVH29bBriQygMXqoVQOQYA+ISs0/2l3T9/kj42ow2mpqerRBxDJnmkUDCaQT/dfNXWX/ZZCQ==}
    engines: {node: '>=12'}
    cpu: [x64]
    os: [freebsd]

  '@esbuild/linux-arm64@0.21.5':
    resolution: {integrity: sha512-ibKvmyYzKsBeX8d8I7MH/TMfWDXBF3db4qM6sy+7re0YXya+K1cem3on9XgdT2EQGMu4hQyZhan7TeQ8XkGp4Q==}
    engines: {node: '>=12'}
    cpu: [arm64]
    os: [linux]

  '@esbuild/linux-arm@0.21.5':
    resolution: {integrity: sha512-bPb5AHZtbeNGjCKVZ9UGqGwo8EUu4cLq68E95A53KlxAPRmUyYv2D6F0uUI65XisGOL1hBP5mTronbgo+0bFcA==}
    engines: {node: '>=12'}
    cpu: [arm]
    os: [linux]

  '@esbuild/linux-ia32@0.21.5':
    resolution: {integrity: sha512-YvjXDqLRqPDl2dvRODYmmhz4rPeVKYvppfGYKSNGdyZkA01046pLWyRKKI3ax8fbJoK5QbxblURkwK/MWY18Tg==}
    engines: {node: '>=12'}
    cpu: [ia32]
    os: [linux]

  '@esbuild/linux-loong64@0.21.5':
    resolution: {integrity: sha512-uHf1BmMG8qEvzdrzAqg2SIG/02+4/DHB6a9Kbya0XDvwDEKCoC8ZRWI5JJvNdUjtciBGFQ5PuBlpEOXQj+JQSg==}
    engines: {node: '>=12'}
    cpu: [loong64]
    os: [linux]

  '@esbuild/linux-mips64el@0.21.5':
    resolution: {integrity: sha512-IajOmO+KJK23bj52dFSNCMsz1QP1DqM6cwLUv3W1QwyxkyIWecfafnI555fvSGqEKwjMXVLokcV5ygHW5b3Jbg==}
    engines: {node: '>=12'}
    cpu: [mips64el]
    os: [linux]

  '@esbuild/linux-ppc64@0.21.5':
    resolution: {integrity: sha512-1hHV/Z4OEfMwpLO8rp7CvlhBDnjsC3CttJXIhBi+5Aj5r+MBvy4egg7wCbe//hSsT+RvDAG7s81tAvpL2XAE4w==}
    engines: {node: '>=12'}
    cpu: [ppc64]
    os: [linux]

  '@esbuild/linux-riscv64@0.21.5':
    resolution: {integrity: sha512-2HdXDMd9GMgTGrPWnJzP2ALSokE/0O5HhTUvWIbD3YdjME8JwvSCnNGBnTThKGEB91OZhzrJ4qIIxk/SBmyDDA==}
    engines: {node: '>=12'}
    cpu: [riscv64]
    os: [linux]

  '@esbuild/linux-s390x@0.21.5':
    resolution: {integrity: sha512-zus5sxzqBJD3eXxwvjN1yQkRepANgxE9lgOW2qLnmr8ikMTphkjgXu1HR01K4FJg8h1kEEDAqDcZQtbrRnB41A==}
    engines: {node: '>=12'}
    cpu: [s390x]
    os: [linux]

  '@esbuild/linux-x64@0.21.5':
    resolution: {integrity: sha512-1rYdTpyv03iycF1+BhzrzQJCdOuAOtaqHTWJZCWvijKD2N5Xu0TtVC8/+1faWqcP9iBCWOmjmhoH94dH82BxPQ==}
    engines: {node: '>=12'}
    cpu: [x64]
    os: [linux]

  '@esbuild/netbsd-x64@0.21.5':
    resolution: {integrity: sha512-Woi2MXzXjMULccIwMnLciyZH4nCIMpWQAs049KEeMvOcNADVxo0UBIQPfSmxB3CWKedngg7sWZdLvLczpe0tLg==}
    engines: {node: '>=12'}
    cpu: [x64]
    os: [netbsd]

  '@esbuild/openbsd-x64@0.21.5':
    resolution: {integrity: sha512-HLNNw99xsvx12lFBUwoT8EVCsSvRNDVxNpjZ7bPn947b8gJPzeHWyNVhFsaerc0n3TsbOINvRP2byTZ5LKezow==}
    engines: {node: '>=12'}
    cpu: [x64]
    os: [openbsd]

  '@esbuild/sunos-x64@0.21.5':
    resolution: {integrity: sha512-6+gjmFpfy0BHU5Tpptkuh8+uw3mnrvgs+dSPQXQOv3ekbordwnzTVEb4qnIvQcYXq6gzkyTnoZ9dZG+D4garKg==}
    engines: {node: '>=12'}
    cpu: [x64]
    os: [sunos]

  '@esbuild/win32-arm64@0.21.5':
    resolution: {integrity: sha512-Z0gOTd75VvXqyq7nsl93zwahcTROgqvuAcYDUr+vOv8uHhNSKROyU961kgtCD1e95IqPKSQKH7tBTslnS3tA8A==}
    engines: {node: '>=12'}
    cpu: [arm64]
    os: [win32]

  '@esbuild/win32-ia32@0.21.5':
    resolution: {integrity: sha512-SWXFF1CL2RVNMaVs+BBClwtfZSvDgtL//G/smwAc5oVK/UPu2Gu9tIaRgFmYFFKrmg3SyAjSrElf0TiJ1v8fYA==}
    engines: {node: '>=12'}
    cpu: [ia32]
    os: [win32]

  '@esbuild/win32-x64@0.21.5':
    resolution: {integrity: sha512-tQd/1efJuzPC6rCFwEvLtci/xNFcTZknmXs98FYDfGE4wP9ClFV98nyKrzJKVPMhdDnjzLhdUyMX4PsQAPjwIw==}
    engines: {node: '>=12'}
    cpu: [x64]
    os: [win32]

  '@iarna/toml@2.2.5':
    resolution: {integrity: sha512-trnsAYxU3xnS1gPHPyU961coFyLkh4gAD/0zQ5mymY4yOZ+CYvsPqUbOFSw0aDM4y0tV7tiFxL/1XfXPNC6IPg==}

  '@jridgewell/gen-mapping@0.3.5':
    resolution: {integrity: sha512-IzL8ZoEDIBRWEzlCcRhOaCupYyN5gdIK+Q6fbFdPDg6HqX6jpkItn7DFIpW9LQzXG6Df9sA7+OKnq0qlz/GaQg==}
    engines: {node: '>=6.0.0'}

  '@jridgewell/resolve-uri@3.1.2':
    resolution: {integrity: sha512-bRISgCIjP20/tbWSPWMEi54QVPRZExkuD9lJL+UIxUKtwVJA8wW1Trb1jMs1RFXo1CBTNZ/5hpC9QvmKWdopKw==}
    engines: {node: '>=6.0.0'}

  '@jridgewell/set-array@1.2.1':
    resolution: {integrity: sha512-R8gLRTZeyp03ymzP/6Lil/28tGeGEzhx1q2k703KGWRAI1VdvPIXdG70VJc2pAMw3NA6JKL5hhFu1sJX0Mnn/A==}
    engines: {node: '>=6.0.0'}

  '@jridgewell/sourcemap-codec@1.5.0':
    resolution: {integrity: sha512-gv3ZRaISU3fjPAgNsriBRqGWQL6quFx04YMPW/zD8XMLsU32mhCCbfbO6KZFLjvYpCZ8zyDEgqsgf+PwPaM7GQ==}

  '@jridgewell/trace-mapping@0.3.25':
    resolution: {integrity: sha512-vNk6aEwybGtawWmy/PzwnGDOjCkLWSD2wqvjGGAgOAwCGWySYXfYoxt00IJkTF+8Lb57DwOb3Aa0o9CApepiYQ==}

  '@polka/url@1.0.0-next.28':
    resolution: {integrity: sha512-8LduaNlMZGwdZ6qWrKlfa+2M4gahzFkprZiAt2TF8uS0qQgBizKXpXURqvTJ4WtmupWxaLqjRb2UCTe72mu+Aw==}

  '@rollup/rollup-android-arm-eabi@4.24.3':
    resolution: {integrity: sha512-ufb2CH2KfBWPJok95frEZZ82LtDl0A6QKTa8MoM+cWwDZvVGl5/jNb79pIhRvAalUu+7LD91VYR0nwRD799HkQ==}
    cpu: [arm]
    os: [android]

  '@rollup/rollup-android-arm64@4.24.3':
    resolution: {integrity: sha512-iAHpft/eQk9vkWIV5t22V77d90CRofgR2006UiCjHcHJFVI1E0oBkQIAbz+pLtthFw3hWEmVB4ilxGyBf48i2Q==}
    cpu: [arm64]
    os: [android]

  '@rollup/rollup-darwin-arm64@4.24.3':
    resolution: {integrity: sha512-QPW2YmkWLlvqmOa2OwrfqLJqkHm7kJCIMq9kOz40Zo9Ipi40kf9ONG5Sz76zszrmIZZ4hgRIkez69YnTHgEz1w==}
    cpu: [arm64]
    os: [darwin]

  '@rollup/rollup-darwin-x64@4.24.3':
    resolution: {integrity: sha512-KO0pN5x3+uZm1ZXeIfDqwcvnQ9UEGN8JX5ufhmgH5Lz4ujjZMAnxQygZAVGemFWn+ZZC0FQopruV4lqmGMshow==}
    cpu: [x64]
    os: [darwin]

  '@rollup/rollup-freebsd-arm64@4.24.3':
    resolution: {integrity: sha512-CsC+ZdIiZCZbBI+aRlWpYJMSWvVssPuWqrDy/zi9YfnatKKSLFCe6fjna1grHuo/nVaHG+kiglpRhyBQYRTK4A==}
    cpu: [arm64]
    os: [freebsd]

  '@rollup/rollup-freebsd-x64@4.24.3':
    resolution: {integrity: sha512-F0nqiLThcfKvRQhZEzMIXOQG4EeX61im61VYL1jo4eBxv4aZRmpin6crnBJQ/nWnCsjH5F6J3W6Stdm0mBNqBg==}
    cpu: [x64]
    os: [freebsd]

  '@rollup/rollup-linux-arm-gnueabihf@4.24.3':
    resolution: {integrity: sha512-KRSFHyE/RdxQ1CSeOIBVIAxStFC/hnBgVcaiCkQaVC+EYDtTe4X7z5tBkFyRoBgUGtB6Xg6t9t2kulnX6wJc6A==}
    cpu: [arm]
    os: [linux]

  '@rollup/rollup-linux-arm-musleabihf@4.24.3':
    resolution: {integrity: sha512-h6Q8MT+e05zP5BxEKz0vi0DhthLdrNEnspdLzkoFqGwnmOzakEHSlXfVyA4HJ322QtFy7biUAVFPvIDEDQa6rw==}
    cpu: [arm]
    os: [linux]

  '@rollup/rollup-linux-arm64-gnu@4.24.3':
    resolution: {integrity: sha512-fKElSyXhXIJ9pqiYRqisfirIo2Z5pTTve5K438URf08fsypXrEkVmShkSfM8GJ1aUyvjakT+fn2W7Czlpd/0FQ==}
    cpu: [arm64]
    os: [linux]

  '@rollup/rollup-linux-arm64-musl@4.24.3':
    resolution: {integrity: sha512-YlddZSUk8G0px9/+V9PVilVDC6ydMz7WquxozToozSnfFK6wa6ne1ATUjUvjin09jp34p84milxlY5ikueoenw==}
    cpu: [arm64]
    os: [linux]

  '@rollup/rollup-linux-powerpc64le-gnu@4.24.3':
    resolution: {integrity: sha512-yNaWw+GAO8JjVx3s3cMeG5Esz1cKVzz8PkTJSfYzE5u7A+NvGmbVFEHP+BikTIyYWuz0+DX9kaA3pH9Sqxp69g==}
    cpu: [ppc64]
    os: [linux]

  '@rollup/rollup-linux-riscv64-gnu@4.24.3':
    resolution: {integrity: sha512-lWKNQfsbpv14ZCtM/HkjCTm4oWTKTfxPmr7iPfp3AHSqyoTz5AgLemYkWLwOBWc+XxBbrU9SCokZP0WlBZM9lA==}
    cpu: [riscv64]
    os: [linux]

  '@rollup/rollup-linux-s390x-gnu@4.24.3':
    resolution: {integrity: sha512-HoojGXTC2CgCcq0Woc/dn12wQUlkNyfH0I1ABK4Ni9YXyFQa86Fkt2Q0nqgLfbhkyfQ6003i3qQk9pLh/SpAYw==}
    cpu: [s390x]
    os: [linux]

  '@rollup/rollup-linux-x64-gnu@4.24.3':
    resolution: {integrity: sha512-mnEOh4iE4USSccBOtcrjF5nj+5/zm6NcNhbSEfR3Ot0pxBwvEn5QVUXcuOwwPkapDtGZ6pT02xLoPaNv06w7KQ==}
    cpu: [x64]
    os: [linux]

  '@rollup/rollup-linux-x64-musl@4.24.3':
    resolution: {integrity: sha512-rMTzawBPimBQkG9NKpNHvquIUTQPzrnPxPbCY1Xt+mFkW7pshvyIS5kYgcf74goxXOQk0CP3EoOC1zcEezKXhw==}
    cpu: [x64]
    os: [linux]

  '@rollup/rollup-win32-arm64-msvc@4.24.3':
    resolution: {integrity: sha512-2lg1CE305xNvnH3SyiKwPVsTVLCg4TmNCF1z7PSHX2uZY2VbUpdkgAllVoISD7JO7zu+YynpWNSKAtOrX3AiuA==}
    cpu: [arm64]
    os: [win32]

  '@rollup/rollup-win32-ia32-msvc@4.24.3':
    resolution: {integrity: sha512-9SjYp1sPyxJsPWuhOCX6F4jUMXGbVVd5obVpoVEi8ClZqo52ViZewA6eFz85y8ezuOA+uJMP5A5zo6Oz4S5rVQ==}
    cpu: [ia32]
    os: [win32]

  '@rollup/rollup-win32-x64-msvc@4.24.3':
    resolution: {integrity: sha512-HGZgRFFYrMrP3TJlq58nR1xy8zHKId25vhmm5S9jETEfDf6xybPxsavFTJaufe2zgOGYJBskGlj49CwtEuFhWQ==}
    cpu: [x64]
    os: [win32]

  '@sveltejs/adapter-auto@3.3.1':
    resolution: {integrity: sha512-5Sc7WAxYdL6q9j/+D0jJKjGREGlfIevDyHSQ2eNETHcB1TKlQWHcAo8AS8H1QdjNvSXpvOwNjykDUHPEAyGgdQ==}
    peerDependencies:
      '@sveltejs/kit': ^2.0.0

  '@sveltejs/adapter-netlify@4.3.6':
    resolution: {integrity: sha512-o1M8SlNeXiTD4X9T/q+WZaeStEzRlGZeMc/NHrgK5dhnrJhN3UFzMqFV4mnNAVyxqyvsQ87FYyjPlkDualSwRA==}
    peerDependencies:
      '@sveltejs/kit': ^2.4.0

  '@sveltejs/kit@2.7.3':
    resolution: {integrity: sha512-Vx7nq5MJ86I8qXYsVidC5PX6xm+uxt8DydvOdmJoyOK7LvGP18OFEG359yY+aa51t6pENvqZAMqAREQQx1OI2Q==}
    engines: {node: '>=18.13'}
    hasBin: true
    peerDependencies:
      '@sveltejs/vite-plugin-svelte': ^3.0.0 || ^4.0.0-next.1
      svelte: ^4.0.0 || ^5.0.0-next.0
      vite: ^5.0.3

  '@sveltejs/vite-plugin-svelte-inspector@3.0.1':
    resolution: {integrity: sha512-2CKypmj1sM4GE7HjllT7UKmo4Q6L5xFRd7VMGEWhYnZ+wc6AUVU01IBd7yUi6WnFndEwWoMNOd6e8UjoN0nbvQ==}
    engines: {node: ^18.0.0 || ^20.0.0 || >=22}
    peerDependencies:
      '@sveltejs/vite-plugin-svelte': ^4.0.0-next.0||^4.0.0
      svelte: ^5.0.0-next.96 || ^5.0.0
      vite: ^5.0.0

  '@sveltejs/vite-plugin-svelte@4.0.0':
    resolution: {integrity: sha512-kpVJwF+gNiMEsoHaw+FJL76IYiwBikkxYU83+BpqQLdVMff19KeRKLd2wisS8niNBMJ2omv5gG+iGDDwd8jzag==}
    engines: {node: ^18.0.0 || ^20.0.0 || >=22}
    peerDependencies:
      svelte: ^5.0.0-next.96 || ^5.0.0
      vite: ^5.0.0

  '@types/cookie@0.6.0':
    resolution: {integrity: sha512-4Kh9a6B2bQciAhf7FSuMRRkUWecJgJu9nPnx3yzpsfXX/c50REIqpHY4C82bXP90qrLtXtkDxTZosYO3UpOwlA==}

  '@types/estree@1.0.6':
    resolution: {integrity: sha512-AYnb1nQyY49te+VRAVgmzfcgjYS91mY5P0TKUDCLEM+gNnA+3T6rWITXRLYCpahpqSQbN5cE+gHpnPyXjHWxcw==}

  acorn-typescript@1.4.13:
    resolution: {integrity: sha512-xsc9Xv0xlVfwp2o7sQ+GCQ1PgbkdcpWdTzrwXxO3xDMTAywVS3oXVOcOHuRjAPkS4P9b+yc/qNF15460v+jp4Q==}
    peerDependencies:
      acorn: '>=8.9.0'

  acorn@8.14.0:
    resolution: {integrity: sha512-cl669nCJTZBsL97OF4kUQm5g5hC2uihk0NxY3WENAC0TYdILVkAyHymAntgxGkl7K+t0cXIrH5siy5S4XkFycA==}
    engines: {node: '>=0.4.0'}
    hasBin: true

  aria-query@5.3.2:
    resolution: {integrity: sha512-COROpnaoap1E2F000S62r6A60uHZnmlvomhfyT2DlTcrY1OrBKn2UhH7qn5wTC9zMvD0AY7csdPSNwKP+7WiQw==}
    engines: {node: '>= 0.4'}

  axobject-query@4.1.0:
    resolution: {integrity: sha512-qIj0G9wZbMGNLjLmg1PT6v2mE9AH2zlnADJD/2tC6E00hgmhUOfEB6greHPAfLRSufHqROIUTkw6E+M3lH0PTQ==}
    engines: {node: '>= 0.4'}

  chokidar@4.0.1:
    resolution: {integrity: sha512-n8enUVCED/KVRQlab1hr3MVpcVMvxtZjmEa956u+4YijlmQED223XMSYj2tLuKvr4jcCTzNNMpQDUer72MMmzA==}
    engines: {node: '>= 14.16.0'}

  cookie@0.6.0:
    resolution: {integrity: sha512-U71cyTamuh1CRNCfpGY6to28lxvNwPG4Guz/EVjgf3Jmzv0vlDp1atT9eS5dDjMYHucpHbWns6Lwf3BKz6svdw==}
    engines: {node: '>= 0.6'}

  debug@4.3.7:
    resolution: {integrity: sha512-Er2nc/H7RrMXZBFCEim6TCmMk02Z8vLC2Rbi1KEBggpo0fS6l0S1nnapwmIi3yW/+GOJap1Krg4w0Hg80oCqgQ==}
    engines: {node: '>=6.0'}
    peerDependencies:
      supports-color: '*'
    peerDependenciesMeta:
      supports-color:
        optional: true

  deepmerge@4.3.1:
    resolution: {integrity: sha512-3sUqbMEc77XqpdNO7FRyRog+eW3ph+GYCbj+rK+uYyRMuwsVy0rMiVtPn+QJlKFvWP/1PYpapqYn0Me2knFn+A==}
    engines: {node: '>=0.10.0'}

  devalue@5.1.1:
    resolution: {integrity: sha512-maua5KUiapvEwiEAe+XnlZ3Rh0GD+qI1J/nb9vrJc3muPXvcF/8gXYTWF76+5DAqHyDUtOIImEuo0YKE9mshVw==}

  esbuild@0.21.5:
    resolution: {integrity: sha512-mg3OPMV4hXywwpoDxu3Qda5xCKQi+vCTZq8S9J/EpkhB2HzKXq4SNFZE3+NK93JYxc8VMSep+lOUSC/RVKaBqw==}
    engines: {node: '>=12'}
    hasBin: true

  esm-env@1.1.4:
    resolution: {integrity: sha512-oO82nKPHKkzIj/hbtuDYy/JHqBHFlMIW36SDiPCVsj87ntDLcWN+sJ1erdVryd4NxODacFTsdrIE3b7IamqbOg==}

  esrap@1.2.2:
    resolution: {integrity: sha512-F2pSJklxx1BlQIQgooczXCPHmcWpn6EsP5oo73LQfonG9fIlIENQ8vMmfGXeojP9MrkzUNAfyU5vdFlR9shHAw==}

  fdir@6.4.2:
    resolution: {integrity: sha512-KnhMXsKSPZlAhp7+IjUkRZKPb4fUyccpDrdFXbi4QL1qkmFh9kVY09Yox+n4MaOb3lHZ1Tv829C3oaaXoMYPDQ==}
    peerDependencies:
      picomatch: ^3 || ^4
    peerDependenciesMeta:
      picomatch:
        optional: true

  fsevents@2.3.3:
    resolution: {integrity: sha512-5xoDfX+fL7faATnagmWPpbFtwh/R77WmMMqqHGS65C3vvB0YHrgF+B1YmZ3441tMj5n63k0212XNoJwzlhffQw==}
    engines: {node: ^8.16.0 || ^10.6.0 || >=11.0.0}
    os: [darwin]

  globalyzer@0.1.0:
    resolution: {integrity: sha512-40oNTM9UfG6aBmuKxk/giHn5nQ8RVz/SS4Ir6zgzOv9/qC3kKZ9v4etGTcJbEl/NyVQH7FGU7d+X1egr57Md2Q==}

  globrex@0.1.2:
    resolution: {integrity: sha512-uHJgbwAMwNFf5mLst7IWLNg14x1CkeqglJb/K3doi4dw6q2IvAAmM/Y81kevy83wP+Sst+nutFTYOGg3d1lsxg==}

  import-meta-resolve@4.1.0:
    resolution: {integrity: sha512-I6fiaX09Xivtk+THaMfAwnA3MVA5Big1WHF1Dfx9hFuvNIWpXnorlkzhcQf6ehrqQiiZECRt1poOAkPmer3ruw==}

  is-reference@3.0.2:
    resolution: {integrity: sha512-v3rht/LgVcsdZa3O2Nqs+NMowLOxeOm7Ay9+/ARQ2F+qEoANRcqrjAZKGN0v8ymUetZGgkp26LTnGT7H0Qo9Pg==}

  kleur@4.1.5:
    resolution: {integrity: sha512-o+NO+8WrRiQEE4/7nwRJhN1HWpVmJm511pBHUxPLtp0BUISzlBplORYSmTclCnJvQq2tKu/sgl3xVpkc7ZWuQQ==}
    engines: {node: '>=6'}

  locate-character@3.0.0:
    resolution: {integrity: sha512-SW13ws7BjaeJ6p7Q6CO2nchbYEc3X3J6WrmTTDto7yMPqVSZTUyY5Tjbid+Ab8gLnATtygYtiDIJGQRRn2ZOiA==}

  magic-string@0.30.12:
    resolution: {integrity: sha512-Ea8I3sQMVXr8JhN4z+H/d8zwo+tYDgHE9+5G4Wnrwhs0gaK9fXTKx0Tw5Xwsd/bCPTTZNRAdpyzvoeORe9LYpw==}

  mri@1.2.0:
    resolution: {integrity: sha512-tzzskb3bG8LvYGFF/mDTpq3jpI6Q9wc3LEmBaghu+DdCssd1FakN7Bc0hVNmEyGq1bq3RgfkCb3cmQLpNPOroA==}
    engines: {node: '>=4'}

  mrmime@2.0.0:
    resolution: {integrity: sha512-eu38+hdgojoyq63s+yTpN4XMBdt5l8HhMhc4VKLO9KM5caLIBvUm4thi7fFaxyTmCKeNnXZ5pAlBwCUnhA09uw==}
    engines: {node: '>=10'}

  ms@2.1.3:
    resolution: {integrity: sha512-6FlzubTLZG3J2a/NVCAleEhjzq5oxgHyaCU9yYXvcLsvoVaHJq/s5xXI6/XXP6tz7R9xAOtHnSO/tXtF3WRTlA==}

  nanoid@3.3.7:
    resolution: {integrity: sha512-eSRppjcPIatRIMC1U6UngP8XFcz8MQWGQdt1MTBQ7NaAmvXDfvNxbvWV3x2y6CdEUciCSsDHDQZbhYaB8QEo2g==}
    engines: {node: ^10 || ^12 || ^13.7 || ^14 || >=15.0.1}
    hasBin: true

  picocolors@1.1.1:
    resolution: {integrity: sha512-xceH2snhtb5M9liqDsmEw56le376mTZkEX/jEb/RxNFyegNul7eNslCXP9FDj/Lcu0X8KEyMceP2ntpaHrDEVA==}

  postcss@8.4.47:
    resolution: {integrity: sha512-56rxCq7G/XfB4EkXq9Egn5GCqugWvDFjafDOThIdMBsI15iqPqR5r15TfSr1YPYeEI19YeaXMCbY6u88Y76GLQ==}
    engines: {node: ^10 || ^12 || >=14}

  readdirp@4.0.2:
    resolution: {integrity: sha512-yDMz9g+VaZkqBYS/ozoBJwaBhTbZo3UNYQHNRw1D3UFQB8oHB4uS/tAODO+ZLjGWmUbKnIlOWO+aaIiAxrUWHA==}
    engines: {node: '>= 14.16.0'}

  rollup@4.24.3:
    resolution: {integrity: sha512-HBW896xR5HGmoksbi3JBDtmVzWiPAYqp7wip50hjQ67JbDz61nyoMPdqu1DvVW9asYb2M65Z20ZHsyJCMqMyDg==}
    engines: {node: '>=18.0.0', npm: '>=8.0.0'}
    hasBin: true

  sade@1.8.1:
    resolution: {integrity: sha512-xal3CZX1Xlo/k4ApwCFrHVACi9fBqJ7V+mwhBsuf/1IOKbBy098Fex+Wa/5QMubw09pSZ/u8EY8PWgevJsXp1A==}
    engines: {node: '>=6'}

  set-cookie-parser@2.7.1:
    resolution: {integrity: sha512-IOc8uWeOZgnb3ptbCURJWNjWUPcO3ZnTTdzsurqERrP6nPyv+paC55vJM0LpOlT2ne+Ix+9+CRG1MNLlyZ4GjQ==}

  sirv@3.0.0:
    resolution: {integrity: sha512-BPwJGUeDaDCHihkORDchNyyTvWFhcusy1XMmhEVTQTwGeybFbp8YEmB+njbPnth1FibULBSBVwCQni25XlCUDg==}
    engines: {node: '>=18'}

  source-map-js@1.2.1:
    resolution: {integrity: sha512-UXWMKhLOwVKb728IUtQPXxfYU+usdybtUrK/8uGE8CQMvrhOpwvzDBwj0QhSL7MQc7vIsISBG8VQ8+IDQxpfQA==}
    engines: {node: '>=0.10.0'}

  svelte-check@4.0.5:
    resolution: {integrity: sha512-icBTBZ3ibBaywbXUat3cK6hB5Du+Kq9Z8CRuyLmm64XIe2/r+lQcbuBx/IQgsbrC+kT2jQ0weVpZSSRIPwB6jQ==}
    engines: {node: '>= 18.0.0'}
    hasBin: true
    peerDependencies:
      svelte: ^4.0.0 || ^5.0.0-next.0
      typescript: '>=5.0.0'

  svelte@5.1.6:
    resolution: {integrity: sha512-bYS/DpkqXk0j5UZgiNXrEjZYPRZ4Ncd87w4KUSbcZGyojA0+i/Ls9OGUjETHmdLe8RcQ0G8SX/T0PypPpAA/ew==}
    engines: {node: '>=18'}

  tiny-glob@0.2.9:
    resolution: {integrity: sha512-g/55ssRPUjShh+xkfx9UPDXqhckHEsHr4Vd9zX55oSdGZc/MD0m3sferOkwWtp98bv+kcVfEHtRJgBVJzelrzg==}

  totalist@3.0.1:
    resolution: {integrity: sha512-sf4i37nQ2LBx4m3wB74y+ubopq6W/dIzXg0FDGjsYnZHVa1Da8FH853wlL2gtUhg+xJXjfk3kUZS3BRoQeoQBQ==}
    engines: {node: '>=6'}

  typescript@5.6.3:
    resolution: {integrity: sha512-hjcS1mhfuyi4WW8IWtjP7brDrG2cuDZukyrYrSauoXGNgx0S7zceP07adYkJycEr56BOUTNPzbInooiN3fn1qw==}
    engines: {node: '>=14.17'}
    hasBin: true

  vite@5.4.10:
    resolution: {integrity: sha512-1hvaPshuPUtxeQ0hsVH3Mud0ZanOLwVTneA1EgbAM5LhaZEqyPWGRQ7BtaMvUrTDeEaC8pxtj6a6jku3x4z6SQ==}
    engines: {node: ^18.0.0 || >=20.0.0}
    hasBin: true
    peerDependencies:
      '@types/node': ^18.0.0 || >=20.0.0
      less: '*'
      lightningcss: ^1.21.0
      sass: '*'
      sass-embedded: '*'
      stylus: '*'
      sugarss: '*'
      terser: ^5.4.0
    peerDependenciesMeta:
      '@types/node':
        optional: true
      less:
        optional: true
      lightningcss:
        optional: true
      sass:
        optional: true
      sass-embedded:
        optional: true
      stylus:
        optional: true
      sugarss:
        optional: true
      terser:
        optional: true

  vitefu@1.0.3:
    resolution: {integrity: sha512-iKKfOMBHob2WxEJbqbJjHAkmYgvFDPhuqrO82om83S8RLk+17FtyMBfcyeH8GqD0ihShtkMW/zzJgiA51hCNCQ==}
    peerDependencies:
      vite: ^3.0.0 || ^4.0.0 || ^5.0.0 || ^6.0.0-beta.0
    peerDependenciesMeta:
      vite:
        optional: true

  zimmerframe@1.1.2:
    resolution: {integrity: sha512-rAbqEGa8ovJy4pyBxZM70hg4pE6gDgaQ0Sl9M3enG3I0d6H4XSAM3GeNGLKnsBpuijUow064sf7ww1nutC5/3w==}

snapshots:

  '@ampproject/remapping@2.3.0':
    dependencies:
      '@jridgewell/gen-mapping': 0.3.5
      '@jridgewell/trace-mapping': 0.3.25

  '@esbuild/aix-ppc64@0.21.5':
    optional: true

  '@esbuild/android-arm64@0.21.5':
    optional: true

  '@esbuild/android-arm@0.21.5':
    optional: true

  '@esbuild/android-x64@0.21.5':
    optional: true

  '@esbuild/darwin-arm64@0.21.5':
    optional: true

  '@esbuild/darwin-x64@0.21.5':
    optional: true

  '@esbuild/freebsd-arm64@0.21.5':
    optional: true

  '@esbuild/freebsd-x64@0.21.5':
    optional: true

  '@esbuild/linux-arm64@0.21.5':
    optional: true

  '@esbuild/linux-arm@0.21.5':
    optional: true

  '@esbuild/linux-ia32@0.21.5':
    optional: true

  '@esbuild/linux-loong64@0.21.5':
    optional: true

  '@esbuild/linux-mips64el@0.21.5':
    optional: true

  '@esbuild/linux-ppc64@0.21.5':
    optional: true

  '@esbuild/linux-riscv64@0.21.5':
    optional: true

  '@esbuild/linux-s390x@0.21.5':
    optional: true

  '@esbuild/linux-x64@0.21.5':
    optional: true

  '@esbuild/netbsd-x64@0.21.5':
    optional: true

  '@esbuild/openbsd-x64@0.21.5':
    optional: true

  '@esbuild/sunos-x64@0.21.5':
    optional: true

  '@esbuild/win32-arm64@0.21.5':
    optional: true

  '@esbuild/win32-ia32@0.21.5':
    optional: true

  '@esbuild/win32-x64@0.21.5':
    optional: true

  '@iarna/toml@2.2.5': {}

  '@jridgewell/gen-mapping@0.3.5':
    dependencies:
      '@jridgewell/set-array': 1.2.1
      '@jridgewell/sourcemap-codec': 1.5.0
      '@jridgewell/trace-mapping': 0.3.25

  '@jridgewell/resolve-uri@3.1.2': {}

  '@jridgewell/set-array@1.2.1': {}

  '@jridgewell/sourcemap-codec@1.5.0': {}

  '@jridgewell/trace-mapping@0.3.25':
    dependencies:
      '@jridgewell/resolve-uri': 3.1.2
      '@jridgewell/sourcemap-codec': 1.5.0

  '@polka/url@1.0.0-next.28': {}

  '@rollup/rollup-android-arm-eabi@4.24.3':
    optional: true

  '@rollup/rollup-android-arm64@4.24.3':
    optional: true

  '@rollup/rollup-darwin-arm64@4.24.3':
    optional: true

  '@rollup/rollup-darwin-x64@4.24.3':
    optional: true

  '@rollup/rollup-freebsd-arm64@4.24.3':
    optional: true

  '@rollup/rollup-freebsd-x64@4.24.3':
    optional: true

  '@rollup/rollup-linux-arm-gnueabihf@4.24.3':
    optional: true

  '@rollup/rollup-linux-arm-musleabihf@4.24.3':
    optional: true

  '@rollup/rollup-linux-arm64-gnu@4.24.3':
    optional: true

  '@rollup/rollup-linux-arm64-musl@4.24.3':
    optional: true

  '@rollup/rollup-linux-powerpc64le-gnu@4.24.3':
    optional: true

  '@rollup/rollup-linux-riscv64-gnu@4.24.3':
    optional: true

  '@rollup/rollup-linux-s390x-gnu@4.24.3':
    optional: true

  '@rollup/rollup-linux-x64-gnu@4.24.3':
    optional: true

  '@rollup/rollup-linux-x64-musl@4.24.3':
    optional: true

  '@rollup/rollup-win32-arm64-msvc@4.24.3':
    optional: true

  '@rollup/rollup-win32-ia32-msvc@4.24.3':
    optional: true

  '@rollup/rollup-win32-x64-msvc@4.24.3':
    optional: true

  '@sveltejs/adapter-auto@3.3.1(@sveltejs/kit@2.7.3(@sveltejs/vite-plugin-svelte@4.0.0(svelte@5.1.6)(vite@5.4.10))(svelte@5.1.6)(vite@5.4.10))':
    dependencies:
      '@sveltejs/kit': 2.7.3(@sveltejs/vite-plugin-svelte@4.0.0(svelte@5.1.6)(vite@5.4.10))(svelte@5.1.6)(vite@5.4.10)
      import-meta-resolve: 4.1.0

  '@sveltejs/adapter-netlify@4.3.6(@sveltejs/kit@2.7.3(@sveltejs/vite-plugin-svelte@4.0.0(svelte@5.1.6)(vite@5.4.10))(svelte@5.1.6)(vite@5.4.10))':
    dependencies:
      '@iarna/toml': 2.2.5
      '@sveltejs/kit': 2.7.3(@sveltejs/vite-plugin-svelte@4.0.0(svelte@5.1.6)(vite@5.4.10))(svelte@5.1.6)(vite@5.4.10)
      esbuild: 0.21.5
      set-cookie-parser: 2.7.1

  '@sveltejs/kit@2.7.3(@sveltejs/vite-plugin-svelte@4.0.0(svelte@5.1.6)(vite@5.4.10))(svelte@5.1.6)(vite@5.4.10)':
    dependencies:
      '@sveltejs/vite-plugin-svelte': 4.0.0(svelte@5.1.6)(vite@5.4.10)
      '@types/cookie': 0.6.0
      cookie: 0.6.0
      devalue: 5.1.1
      esm-env: 1.1.4
      import-meta-resolve: 4.1.0
      kleur: 4.1.5
      magic-string: 0.30.12
      mrmime: 2.0.0
      sade: 1.8.1
      set-cookie-parser: 2.7.1
      sirv: 3.0.0
      svelte: 5.1.6
      tiny-glob: 0.2.9
      vite: 5.4.10

  '@sveltejs/vite-plugin-svelte-inspector@3.0.1(@sveltejs/vite-plugin-svelte@4.0.0(svelte@5.1.6)(vite@5.4.10))(svelte@5.1.6)(vite@5.4.10)':
    dependencies:
      '@sveltejs/vite-plugin-svelte': 4.0.0(svelte@5.1.6)(vite@5.4.10)
      debug: 4.3.7
      svelte: 5.1.6
      vite: 5.4.10
    transitivePeerDependencies:
      - supports-color

  '@sveltejs/vite-plugin-svelte@4.0.0(svelte@5.1.6)(vite@5.4.10)':
    dependencies:
      '@sveltejs/vite-plugin-svelte-inspector': 3.0.1(@sveltejs/vite-plugin-svelte@4.0.0(svelte@5.1.6)(vite@5.4.10))(svelte@5.1.6)(vite@5.4.10)
      debug: 4.3.7
      deepmerge: 4.3.1
      kleur: 4.1.5
      magic-string: 0.30.12
      svelte: 5.1.6
      vite: 5.4.10
      vitefu: 1.0.3(vite@5.4.10)
    transitivePeerDependencies:
      - supports-color

  '@types/cookie@0.6.0': {}

  '@types/estree@1.0.6': {}

  acorn-typescript@1.4.13(acorn@8.14.0):
    dependencies:
      acorn: 8.14.0

  acorn@8.14.0: {}

  aria-query@5.3.2: {}

  axobject-query@4.1.0: {}

  chokidar@4.0.1:
    dependencies:
      readdirp: 4.0.2

  cookie@0.6.0: {}

  debug@4.3.7:
    dependencies:
      ms: 2.1.3

  deepmerge@4.3.1: {}

  devalue@5.1.1: {}

  esbuild@0.21.5:
    optionalDependencies:
      '@esbuild/aix-ppc64': 0.21.5
      '@esbuild/android-arm': 0.21.5
      '@esbuild/android-arm64': 0.21.5
      '@esbuild/android-x64': 0.21.5
      '@esbuild/darwin-arm64': 0.21.5
      '@esbuild/darwin-x64': 0.21.5
      '@esbuild/freebsd-arm64': 0.21.5
      '@esbuild/freebsd-x64': 0.21.5
      '@esbuild/linux-arm': 0.21.5
      '@esbuild/linux-arm64': 0.21.5
      '@esbuild/linux-ia32': 0.21.5
      '@esbuild/linux-loong64': 0.21.5
      '@esbuild/linux-mips64el': 0.21.5
      '@esbuild/linux-ppc64': 0.21.5
      '@esbuild/linux-riscv64': 0.21.5
      '@esbuild/linux-s390x': 0.21.5
      '@esbuild/linux-x64': 0.21.5
      '@esbuild/netbsd-x64': 0.21.5
      '@esbuild/openbsd-x64': 0.21.5
      '@esbuild/sunos-x64': 0.21.5
      '@esbuild/win32-arm64': 0.21.5
      '@esbuild/win32-ia32': 0.21.5
      '@esbuild/win32-x64': 0.21.5

  esm-env@1.1.4: {}

  esrap@1.2.2:
    dependencies:
      '@jridgewell/sourcemap-codec': 1.5.0
      '@types/estree': 1.0.6

  fdir@6.4.2: {}

  fsevents@2.3.3:
    optional: true

  globalyzer@0.1.0: {}

  globrex@0.1.2: {}

  import-meta-resolve@4.1.0: {}

  is-reference@3.0.2:
    dependencies:
      '@types/estree': 1.0.6

  kleur@4.1.5: {}

  locate-character@3.0.0: {}

  magic-string@0.30.12:
    dependencies:
      '@jridgewell/sourcemap-codec': 1.5.0

  mri@1.2.0: {}

  mrmime@2.0.0: {}

  ms@2.1.3: {}

  nanoid@3.3.7: {}

  picocolors@1.1.1: {}

  postcss@8.4.47:
    dependencies:
      nanoid: 3.3.7
      picocolors: 1.1.1
      source-map-js: 1.2.1

  readdirp@4.0.2: {}

  rollup@4.24.3:
    dependencies:
      '@types/estree': 1.0.6
    optionalDependencies:
      '@rollup/rollup-android-arm-eabi': 4.24.3
      '@rollup/rollup-android-arm64': 4.24.3
      '@rollup/rollup-darwin-arm64': 4.24.3
      '@rollup/rollup-darwin-x64': 4.24.3
      '@rollup/rollup-freebsd-arm64': 4.24.3
      '@rollup/rollup-freebsd-x64': 4.24.3
      '@rollup/rollup-linux-arm-gnueabihf': 4.24.3
      '@rollup/rollup-linux-arm-musleabihf': 4.24.3
      '@rollup/rollup-linux-arm64-gnu': 4.24.3
      '@rollup/rollup-linux-arm64-musl': 4.24.3
      '@rollup/rollup-linux-powerpc64le-gnu': 4.24.3
      '@rollup/rollup-linux-riscv64-gnu': 4.24.3
      '@rollup/rollup-linux-s390x-gnu': 4.24.3
      '@rollup/rollup-linux-x64-gnu': 4.24.3
      '@rollup/rollup-linux-x64-musl': 4.24.3
      '@rollup/rollup-win32-arm64-msvc': 4.24.3
      '@rollup/rollup-win32-ia32-msvc': 4.24.3
      '@rollup/rollup-win32-x64-msvc': 4.24.3
      fsevents: 2.3.3

  sade@1.8.1:
    dependencies:
      mri: 1.2.0

  set-cookie-parser@2.7.1: {}

  sirv@3.0.0:
    dependencies:
      '@polka/url': 1.0.0-next.28
      mrmime: 2.0.0
      totalist: 3.0.1

  source-map-js@1.2.1: {}

  svelte-check@4.0.5(svelte@5.1.6)(typescript@5.6.3):
    dependencies:
      '@jridgewell/trace-mapping': 0.3.25
      chokidar: 4.0.1
      fdir: 6.4.2
      picocolors: 1.1.1
      sade: 1.8.1
      svelte: 5.1.6
      typescript: 5.6.3
    transitivePeerDependencies:
      - picomatch

  svelte@5.1.6:
    dependencies:
      '@ampproject/remapping': 2.3.0
      '@jridgewell/sourcemap-codec': 1.5.0
      '@types/estree': 1.0.6
      acorn: 8.14.0
      acorn-typescript: 1.4.13(acorn@8.14.0)
      aria-query: 5.3.2
      axobject-query: 4.1.0
      esm-env: 1.1.4
      esrap: 1.2.2
      is-reference: 3.0.2
      locate-character: 3.0.0
      magic-string: 0.30.12
      zimmerframe: 1.1.2

  tiny-glob@0.2.9:
    dependencies:
      globalyzer: 0.1.0
      globrex: 0.1.2

  totalist@3.0.1: {}

  typescript@5.6.3: {}

  vite@5.4.10:
    dependencies:
      esbuild: 0.21.5
      postcss: 8.4.47
      rollup: 4.24.3
    optionalDependencies:
      fsevents: 2.3.3

  vitefu@1.0.3(vite@5.4.10):
    optionalDependencies:
      vite: 5.4.10

  zimmerframe@1.1.2: {}
